
Microsoft Visual Studio Solution File, Format Version 12.00
# Visual Studio Version 16
VisualStudioVersion = 16.0.31321.278
MinimumVisualStudioVersion = 10.0.40219.1
Project("{FAE04EC0-301F-11D3-BF4B-00C04F79EFBC}") = "ApiCatalogoJogos", "ApiCatalogoJogos\ApiCatalogoJogos.csproj", "{870136BB-A4F7-4723-968E-BDDF70CFE607}"
EndProject
Global
	GlobalSection(SolutionConfigurationPlatforms) = preSolution
		Debug|Any CPU = Debug|Any CPU
		Release|Any CPU = Release|Any CPU
	EndGlobalSection
	GlobalSection(ProjectConfigurationPlatforms) = postSolution
		{870136BB-A4F7-4723-968E-BDDF70CFE607}.Debug|Any CPU.ActiveCfg = Debug|Any CPU
		{870136BB-A4F7-4723-968E-BDDF70CFE607}.Debug|Any CPU.Build.0 = Debug|Any CPU
		{870136BB-A4F7-4723-968E-BDDF70CFE607}.Release|Any CPU.ActiveCfg = Release|Any CPU
		{870136BB-A4F7-4723-968E-BDDF70CFE607}.Release|Any CPU.Build.0 = Release|Any CPU
	EndGlobalSection
	GlobalSection(SolutionProperties) = preSolution
		HideSolutionNode = FALSE
	EndGlobalSection
	GlobalSection(ExtensibilityGlobals) = postSolution
		SolutionGuid = {C2703A20-F654-45F0-9386-E01CF0E9D703}
	EndGlobalSection
EndGlobal
